// !$*UTF8*$!
{
	archiveVersion = 1;
	classes = {
	};
	objectVersion = 56;
	objects = {

/* Begin PBXBuildFile section */
		940001492B4BEB1E00287477 /* UICollectionView+Utils.swift in Sources */ = {isa = PBXBuildFile; fileRef = 940001482B4BEB1E00287477 /* UICollectionView+Utils.swift */; };
		9400014D2B4BF70F00287477 /* SensorDataCollectionViewCell.swift in Sources */ = {isa = PBXBuildFile; fileRef = 9400014B2B4BF70F00287477 /* SensorDataCollectionViewCell.swift */; };
		9400014E2B4BF71000287477 /* SensorDataCollectionViewCell.xib in Resources */ = {isa = PBXBuildFile; fileRef = 9400014C2B4BF70F00287477 /* SensorDataCollectionViewCell.xib */; };
		940001552B4C007500287477 /* SensorDataLabelTableViewCollectionViewCell.swift in Sources */ = {isa = PBXBuildFile; fileRef = 940001532B4C007500287477 /* SensorDataLabelTableViewCollectionViewCell.swift */; };
		940001562B4C007500287477 /* SensorDataLabelTableViewCollectionViewCell.xib in Resources */ = {isa = PBXBuildFile; fileRef = 940001542B4C007500287477 /* SensorDataLabelTableViewCollectionViewCell.xib */; };
		940001592B4C00C000287477 /* SensorDataLabelTableViewCell.swift in Sources */ = {isa = PBXBuildFile; fileRef = 940001572B4C00C000287477 /* SensorDataLabelTableViewCell.swift */; };
		9400015A2B4C00C000287477 /* SensorDataLabelTableViewCell.xib in Resources */ = {isa = PBXBuildFile; fileRef = 940001582B4C00C000287477 /* SensorDataLabelTableViewCell.xib */; };
		94073C87297C25D0006BE381 /* HelmetSuccessPopupVC.swift in Sources */ = {isa = PBXBuildFile; fileRef = 94073C86297C25D0006BE381 /* HelmetSuccessPopupVC.swift */; };
		94073C89297C25E0006BE381 /* HelmetPopupView.storyboard in Resources */ = {isa = PBXBuildFile; fileRef = 94073C88297C25E0006BE381 /* HelmetPopupView.storyboard */; };
		94073C8B297C26BC006BE381 /* done_check_icon.png in Resources */ = {isa = PBXBuildFile; fileRef = 94073C8A297C26BC006BE381 /* done_check_icon.png */; };
		942AD3482AEFB97B006EED1D /* MessagesView.storyboard in Resources */ = {isa = PBXBuildFile; fileRef = 942AD3472AEFB97B006EED1D /* MessagesView.storyboard */; };
		942AD34C2AEFB9E8006EED1D /* ChatViewController.swift in Sources */ = {isa = PBXBuildFile; fileRef = 942AD34B2AEFB9E7006EED1D /* ChatViewController.swift */; };
		942F1A2C2986A2CD0026FB6D /* DisasterModel.swift in Sources */ = {isa = PBXBuildFile; fileRef = 942F1A2B2986A2CD0026FB6D /* DisasterModel.swift */; };
		942F1A2E2986A73F0026FB6D /* mock.json in Resources */ = {isa = PBXBuildFile; fileRef = 942F1A2D2986A73F0026FB6D /* mock.json */; };
		94386F062AEBB33C00EBF1EC /* CustomFirestore.swift in Sources */ = {isa = PBXBuildFile; fileRef = 94386F052AEBB33C00EBF1EC /* CustomFirestore.swift */; };
		94386F092AEBB88900EBF1EC /* FirebaseFirestoreSwift in Frameworks */ = {isa = PBXBuildFile; productRef = 94386F082AEBB88900EBF1EC /* FirebaseFirestoreSwift */; };
		94386F0B2AEBC30300EBF1EC /* Message.swift in Sources */ = {isa = PBXBuildFile; fileRef = 94386F0A2AEBC30300EBF1EC /* Message.swift */; };
		94386F0D2AEBE50000EBF1EC /* Encodable+Utils.swift in Sources */ = {isa = PBXBuildFile; fileRef = 94386F0C2AEBE50000EBF1EC /* Encodable+Utils.swift */; };
		9458484A2AEA90CF007C9A46 /* Hospital.png in Resources */ = {isa = PBXBuildFile; fileRef = 945848462AEA90CF007C9A46 /* Hospital.png */; };
		9458484B2AEA90CF007C9A46 /* Government.png in Resources */ = {isa = PBXBuildFile; fileRef = 945848472AEA90CF007C9A46 /* Government.png */; };
		9458484C2AEA90CF007C9A46 /* PoliceOffice.png in Resources */ = {isa = PBXBuildFile; fileRef = 945848482AEA90CF007C9A46 /* PoliceOffice.png */; };
		9458484E2AEA90FA007C9A46 /* FireStation.png in Resources */ = {isa = PBXBuildFile; fileRef = 9458484D2AEA90FA007C9A46 /* FireStation.png */; };
		945848502AEA922D007C9A46 /* PublicInstitutionModel.swift in Sources */ = {isa = PBXBuildFile; fileRef = 9458484F2AEA922D007C9A46 /* PublicInstitutionModel.swift */; };
		945E32CC2B120CE3000D3B11 /* DatabaseRepresentation.swift in Sources */ = {isa = PBXBuildFile; fileRef = 945E32CB2B120CE3000D3B11 /* DatabaseRepresentation.swift */; };
		9478262629645FA100051115 /* GoogleService-Info.plist in Resources */ = {isa = PBXBuildFile; fileRef = 9478262529645FA100051115 /* GoogleService-Info.plist */; };
		94782629296462E700051115 /* FirebaseAnalytics in Frameworks */ = {isa = PBXBuildFile; productRef = 94782628296462E700051115 /* FirebaseAnalytics */; };
		9478262B296462E700051115 /* FirebaseFirestore in Frameworks */ = {isa = PBXBuildFile; productRef = 9478262A296462E700051115 /* FirebaseFirestore */; };
		9478262D296462E700051115 /* FirebaseStorage in Frameworks */ = {isa = PBXBuildFile; productRef = 9478262C296462E700051115 /* FirebaseStorage */; };
		9478262F29646A2E00051115 /* InfoModel.swift in Sources */ = {isa = PBXBuildFile; fileRef = 9478262E29646A2E00051115 /* InfoModel.swift */; };
		947826312964744100051115 /* TCPNetwork.swift in Sources */ = {isa = PBXBuildFile; fileRef = 947826302964744100051115 /* TCPNetwork.swift */; };
		9478639D29471A48003EC94F /* AppDelegate.swift in Sources */ = {isa = PBXBuildFile; fileRef = 9478639C29471A48003EC94F /* AppDelegate.swift */; };
		9478639F29471A48003EC94F /* SceneDelegate.swift in Sources */ = {isa = PBXBuildFile; fileRef = 9478639E29471A48003EC94F /* SceneDelegate.swift */; };
		947863A129471A48003EC94F /* ViewController.swift in Sources */ = {isa = PBXBuildFile; fileRef = 947863A029471A48003EC94F /* ViewController.swift */; };
		947863A429471A48003EC94F /* Main.storyboard in Resources */ = {isa = PBXBuildFile; fileRef = 947863A229471A48003EC94F /* Main.storyboard */; };
		947863A629471A49003EC94F /* Assets.xcassets in Resources */ = {isa = PBXBuildFile; fileRef = 947863A529471A49003EC94F /* Assets.xcassets */; };
		947863A929471A49003EC94F /* LaunchScreen.storyboard in Resources */ = {isa = PBXBuildFile; fileRef = 947863A729471A49003EC94F /* LaunchScreen.storyboard */; };
		947863B429471A49003EC94F /* SensorHelmetMobileAppTests.swift in Sources */ = {isa = PBXBuildFile; fileRef = 947863B329471A49003EC94F /* SensorHelmetMobileAppTests.swift */; };
		947863BE29471A49003EC94F /* SensorHelmetMobileAppUITests.swift in Sources */ = {isa = PBXBuildFile; fileRef = 947863BD29471A49003EC94F /* SensorHelmetMobileAppUITests.swift */; };
		947863C029471A49003EC94F /* SensorHelmetMobileAppUITestsLaunchTests.swift in Sources */ = {isa = PBXBuildFile; fileRef = 947863BF29471A49003EC94F /* SensorHelmetMobileAppUITestsLaunchTests.swift */; };
		947863D229471C3B003EC94F /* BluetoothSerial.swift in Sources */ = {isa = PBXBuildFile; fileRef = 947863D129471C3B003EC94F /* BluetoothSerial.swift */; };
		948C12372AEA5FAB00B1DFE6 /* MessageKit in Frameworks */ = {isa = PBXBuildFile; productRef = 948C12362AEA5FAB00B1DFE6 /* MessageKit */; };
		948C123B2AEA785300B1DFE6 /* PublicInstitutionTableViewCell.swift in Sources */ = {isa = PBXBuildFile; fileRef = 948C12392AEA785300B1DFE6 /* PublicInstitutionTableViewCell.swift */; };
		948C123C2AEA785300B1DFE6 /* PublicInstitutionTableViewCell.xib in Resources */ = {isa = PBXBuildFile; fileRef = 948C123A2AEA785300B1DFE6 /* PublicInstitutionTableViewCell.xib */; };
		949E8E052965B73A0015FD1C /* String+Utils.swift in Sources */ = {isa = PBXBuildFile; fileRef = 949E8E042965B73A0015FD1C /* String+Utils.swift */; };
		949E8E072965B9300015FD1C /* MapVC.swift in Sources */ = {isa = PBXBuildFile; fileRef = 949E8E062965B9300015FD1C /* MapVC.swift */; };
		949E8E092965BFBA0015FD1C /* MapView.storyboard in Resources */ = {isa = PBXBuildFile; fileRef = 949E8E082965BFBA0015FD1C /* MapView.storyboard */; };
		949E8EE429784C6500CDB2F8 /* CLLocationCoordicate2D+Utils.swift in Sources */ = {isa = PBXBuildFile; fileRef = 949E8EE329784C6500CDB2F8 /* CLLocationCoordicate2D+Utils.swift */; };
		949FB2E82B1701FA00F2B32D /* UserDefaultManager.swift in Sources */ = {isa = PBXBuildFile; fileRef = 949FB2E72B1701FA00F2B32D /* UserDefaultManager.swift */; };
		949FB2EA2B17127100F2B32D /* FirebaseStorageManager.swift in Sources */ = {isa = PBXBuildFile; fileRef = 949FB2E92B17127100F2B32D /* FirebaseStorageManager.swift */; };
		949FB2EC2B17161200F2B32D /* UIImage+Utils.swift in Sources */ = {isa = PBXBuildFile; fileRef = 949FB2EB2B17161200F2B32D /* UIImage+Utils.swift */; };
		94A281BC2B1DDF1B000E0D98 /* HelmetInfoModalView.storyboard in Resources */ = {isa = PBXBuildFile; fileRef = 94A281BB2B1DDF1A000E0D98 /* HelmetInfoModalView.storyboard */; };
		94A281C02B1E1890000E0D98 /* HelmetUserInfoTableViewCell.swift in Sources */ = {isa = PBXBuildFile; fileRef = 94A281BE2B1E1890000E0D98 /* HelmetUserInfoTableViewCell.swift */; };
		94A281C12B1E1890000E0D98 /* HelmetUserInfoTableViewCell.xib in Resources */ = {isa = PBXBuildFile; fileRef = 94A281BF2B1E1890000E0D98 /* HelmetUserInfoTableViewCell.xib */; };
		94A3711E296ECA0900D4EF76 /* VideoListVC.swift in Sources */ = {isa = PBXBuildFile; fileRef = 94A3711D296ECA0900D4EF76 /* VideoListVC.swift */; };
		94A37120296ECA1900D4EF76 /* VideoListView.storyboard in Resources */ = {isa = PBXBuildFile; fileRef = 94A3711F296ECA1900D4EF76 /* VideoListView.storyboard */; };
		94A37122296ECB5E00D4EF76 /* VideoDetailVC.swift in Sources */ = {isa = PBXBuildFile; fileRef = 94A37121296ECB5E00D4EF76 /* VideoDetailVC.swift */; };
		94A37124296ECB6D00D4EF76 /* VideoDetailView.storyboard in Resources */ = {isa = PBXBuildFile; fileRef = 94A37123296ECB6D00D4EF76 /* VideoDetailView.storyboard */; };
		94A37127296ED88E00D4EF76 /* VideoListTableViewCell.swift in Sources */ = {isa = PBXBuildFile; fileRef = 94A37125296ED88E00D4EF76 /* VideoListTableViewCell.swift */; };
		94A37128296ED88E00D4EF76 /* VideoListTableViewCell.xib in Resources */ = {isa = PBXBuildFile; fileRef = 94A37126296ED88E00D4EF76 /* VideoListTableViewCell.xib */; };
		94B0B989298543F6000BBE8D /* BorderColor.swift in Sources */ = {isa = PBXBuildFile; fileRef = 94B0B988298543F6000BBE8D /* BorderColor.swift */; };
		94B4BF9E297DACDF00B55117 /* CustomPaddingLabel.swift in Sources */ = {isa = PBXBuildFile; fileRef = 94B4BF9D297DACDF00B55117 /* CustomPaddingLabel.swift */; };
		94B4BFA0297DB0D200B55117 /* RaspberryPiOfficialLogo.png in Resources */ = {isa = PBXBuildFile; fileRef = 94B4BF9F297DB0D200B55117 /* RaspberryPiOfficialLogo.png */; };
		94BDDF642AE3E9150094AD1E /* NearbyPublicInstitutionListViewController.swift in Sources */ = {isa = PBXBuildFile; fileRef = 94BDDF632AE3E9150094AD1E /* NearbyPublicInstitutionListViewController.swift */; };
		94BDDF662AE3E94E0094AD1E /* NearbyPublicInstitutionListView.storyboard in Resources */ = {isa = PBXBuildFile; fileRef = 94BDDF652AE3E94E0094AD1E /* NearbyPublicInstitutionListView.storyboard */; };
		94BDFD112B1C92FE00D62484 /* HelmetInfoModalViewController.swift in Sources */ = {isa = PBXBuildFile; fileRef = 94BDFD102B1C92FE00D62484 /* HelmetInfoModalViewController.swift */; };
		94CE5A2F2AFCEB1F00211902 /* MediaItemImage.swift in Sources */ = {isa = PBXBuildFile; fileRef = 94CE5A2E2AFCEB1F00211902 /* MediaItemImage.swift */; };
		94D84A43297AD8130037AC39 /* LoadingView.swift in Sources */ = {isa = PBXBuildFile; fileRef = 94D84A42297AD8130037AC39 /* LoadingView.swift */; };
		94D84A46297AE5370037AC39 /* helmetBasic.png in Resources */ = {isa = PBXBuildFile; fileRef = 94D84A45297AE5360037AC39 /* helmetBasic.png */; };
		94D84A48297AE7290037AC39 /* shelterBasic.png in Resources */ = {isa = PBXBuildFile; fileRef = 94D84A47297AE7290037AC39 /* shelterBasic.png */; };
		94D84A4A297AE7F60037AC39 /* CustomAnnotationView.swift in Sources */ = {isa = PBXBuildFile; fileRef = 94D84A49297AE7F60037AC39 /* CustomAnnotationView.swift */; };
		94DD51122949FAA400DB0287 /* ScanVC.swift in Sources */ = {isa = PBXBuildFile; fileRef = 94DD51112949FAA400DB0287 /* ScanVC.swift */; };
		94DD51142949FAB200DB0287 /* ScanView.storyboard in Resources */ = {isa = PBXBuildFile; fileRef = 94DD51132949FAB200DB0287 /* ScanView.storyboard */; };
		94DD51162949FBFD00DB0287 /* SerialVC.swift in Sources */ = {isa = PBXBuildFile; fileRef = 94DD51152949FBFD00DB0287 /* SerialVC.swift */; };
		94DD51182949FC0700DB0287 /* SerialView.storyboard in Resources */ = {isa = PBXBuildFile; fileRef = 94DD51172949FC0700DB0287 /* SerialView.storyboard */; };
		94DD5120294A01C500DB0287 /* ScanTableViewCell.swift in Sources */ = {isa = PBXBuildFile; fileRef = 94DD511E294A01C500DB0287 /* ScanTableViewCell.swift */; };
		94DD5121294A01C500DB0287 /* ScanTableViewCell.xib in Resources */ = {isa = PBXBuildFile; fileRef = 94DD511F294A01C500DB0287 /* ScanTableViewCell.xib */; };
		94FAA58C296E67C3007BD387 /* UIColor+Utils.swift in Sources */ = {isa = PBXBuildFile; fileRef = 94FAA58B296E67C3007BD387 /* UIColor+Utils.swift */; };
		94FFEAA42AFA42D400DBF046 /* Sender.swift in Sources */ = {isa = PBXBuildFile; fileRef = 94FFEAA32AFA42D400DBF046 /* Sender.swift */; };
/* End PBXBuildFile section */

/* Begin PBXContainerItemProxy section */
		947863B029471A49003EC94F /* PBXContainerItemProxy */ = {
			isa = PBXContainerItemProxy;
			containerPortal = 9478639129471A48003EC94F /* Project object */;
			proxyType = 1;
			remoteGlobalIDString = 9478639829471A48003EC94F;
			remoteInfo = SensorHelmetMobileApp;
		};
		947863BA29471A49003EC94F /* PBXContainerItemProxy */ = {
			isa = PBXContainerItemProxy;
			containerPortal = 9478639129471A48003EC94F /* Project object */;
			proxyType = 1;
			remoteGlobalIDString = 9478639829471A48003EC94F;
			remoteInfo = SensorHelmetMobileApp;
		};
/* End PBXContainerItemProxy section */

/* Begin PBXFileReference section */
		940001482B4BEB1E00287477 /* UICollectionView+Utils.swift */ = {isa = PBXFileReference; lastKnownFileType = sourcecode.swift; path = "UICollectionView+Utils.swift"; sourceTree = "<group>"; };
		9400014B2B4BF70F00287477 /* SensorDataCollectionViewCell.swift */ = {isa = PBXFileReference; lastKnownFileType = sourcecode.swift; path = SensorDataCollectionViewCell.swift; sourceTree = "<group>"; };
		9400014C2B4BF70F00287477 /* SensorDataCollectionViewCell.xib */ = {isa = PBXFileReference; lastKnownFileType = file.xib; path = SensorDataCollectionViewCell.xib; sourceTree = "<group>"; };
		940001532B4C007500287477 /* SensorDataLabelTableViewCollectionViewCell.swift */ = {isa = PBXFileReference; lastKnownFileType = sourcecode.swift; path = SensorDataLabelTableViewCollectionViewCell.swift; sourceTree = "<group>"; };
		940001542B4C007500287477 /* SensorDataLabelTableViewCollectionViewCell.xib */ = {isa = PBXFileReference; lastKnownFileType = file.xib; path = SensorDataLabelTableViewCollectionViewCell.xib; sourceTree = "<group>"; };
		940001572B4C00C000287477 /* SensorDataLabelTableViewCell.swift */ = {isa = PBXFileReference; lastKnownFileType = sourcecode.swift; path = SensorDataLabelTableViewCell.swift; sourceTree = "<group>"; };
		940001582B4C00C000287477 /* SensorDataLabelTableViewCell.xib */ = {isa = PBXFileReference; lastKnownFileType = file.xib; path = SensorDataLabelTableViewCell.xib; sourceTree = "<group>"; };
		94073C86297C25D0006BE381 /* HelmetSuccessPopupVC.swift */ = {isa = PBXFileReference; lastKnownFileType = sourcecode.swift; path = HelmetSuccessPopupVC.swift; sourceTree = "<group>"; };
		94073C88297C25E0006BE381 /* HelmetPopupView.storyboard */ = {isa = PBXFileReference; lastKnownFileType = file.storyboard; path = HelmetPopupView.storyboard; sourceTree = "<group>"; };
		94073C8A297C26BC006BE381 /* done_check_icon.png */ = {isa = PBXFileReference; lastKnownFileType = image.png; path = done_check_icon.png; sourceTree = "<group>"; };
		942AD3472AEFB97B006EED1D /* MessagesView.storyboard */ = {isa = PBXFileReference; lastKnownFileType = file.storyboard; path = MessagesView.storyboard; sourceTree = "<group>"; };
		942AD34B2AEFB9E7006EED1D /* ChatViewController.swift */ = {isa = PBXFileReference; lastKnownFileType = sourcecode.swift; path = ChatViewController.swift; sourceTree = "<group>"; };
		942F1A2B2986A2CD0026FB6D /* DisasterModel.swift */ = {isa = PBXFileReference; lastKnownFileType = sourcecode.swift; path = DisasterModel.swift; sourceTree = "<group>"; };
		942F1A2D2986A73F0026FB6D /* mock.json */ = {isa = PBXFileReference; lastKnownFileType = text.json; path = mock.json; sourceTree = "<group>"; };
		94386F052AEBB33C00EBF1EC /* CustomFirestore.swift */ = {isa = PBXFileReference; lastKnownFileType = sourcecode.swift; path = CustomFirestore.swift; sourceTree = "<group>"; };
		94386F0A2AEBC30300EBF1EC /* Message.swift */ = {isa = PBXFileReference; lastKnownFileType = sourcecode.swift; path = Message.swift; sourceTree = "<group>"; };
		94386F0C2AEBE50000EBF1EC /* Encodable+Utils.swift */ = {isa = PBXFileReference; lastKnownFileType = sourcecode.swift; path = "Encodable+Utils.swift"; sourceTree = "<group>"; };
		945848462AEA90CF007C9A46 /* Hospital.png */ = {isa = PBXFileReference; lastKnownFileType = image.png; path = Hospital.png; sourceTree = "<group>"; };
		945848472AEA90CF007C9A46 /* Government.png */ = {isa = PBXFileReference; lastKnownFileType = image.png; path = Government.png; sourceTree = "<group>"; };
		945848482AEA90CF007C9A46 /* PoliceOffice.png */ = {isa = PBXFileReference; lastKnownFileType = image.png; path = PoliceOffice.png; sourceTree = "<group>"; };
		9458484D2AEA90FA007C9A46 /* FireStation.png */ = {isa = PBXFileReference; lastKnownFileType = image.png; path = FireStation.png; sourceTree = "<group>"; };
		9458484F2AEA922D007C9A46 /* PublicInstitutionModel.swift */ = {isa = PBXFileReference; lastKnownFileType = sourcecode.swift; path = PublicInstitutionModel.swift; sourceTree = "<group>"; };
		945E32CB2B120CE3000D3B11 /* DatabaseRepresentation.swift */ = {isa = PBXFileReference; lastKnownFileType = sourcecode.swift; path = DatabaseRepresentation.swift; sourceTree = "<group>"; };
		9478262529645FA100051115 /* GoogleService-Info.plist */ = {isa = PBXFileReference; fileEncoding = 4; lastKnownFileType = text.plist.xml; path = "GoogleService-Info.plist"; sourceTree = "<group>"; };
		9478262E29646A2E00051115 /* InfoModel.swift */ = {isa = PBXFileReference; lastKnownFileType = sourcecode.swift; path = InfoModel.swift; sourceTree = "<group>"; };
		947826302964744100051115 /* TCPNetwork.swift */ = {isa = PBXFileReference; lastKnownFileType = sourcecode.swift; path = TCPNetwork.swift; sourceTree = "<group>"; };
		9478639929471A48003EC94F /* SensorHelmetMobileApp.app */ = {isa = PBXFileReference; explicitFileType = wrapper.application; includeInIndex = 0; path = SensorHelmetMobileApp.app; sourceTree = BUILT_PRODUCTS_DIR; };
		9478639C29471A48003EC94F /* AppDelegate.swift */ = {isa = PBXFileReference; lastKnownFileType = sourcecode.swift; path = AppDelegate.swift; sourceTree = "<group>"; };
		9478639E29471A48003EC94F /* SceneDelegate.swift */ = {isa = PBXFileReference; lastKnownFileType = sourcecode.swift; path = SceneDelegate.swift; sourceTree = "<group>"; };
		947863A029471A48003EC94F /* ViewController.swift */ = {isa = PBXFileReference; lastKnownFileType = sourcecode.swift; path = ViewController.swift; sourceTree = "<group>"; };
		947863A329471A48003EC94F /* Base */ = {isa = PBXFileReference; lastKnownFileType = file.storyboard; name = Base; path = Base.lproj/Main.storyboard; sourceTree = "<group>"; };
		947863A529471A49003EC94F /* Assets.xcassets */ = {isa = PBXFileReference; lastKnownFileType = folder.assetcatalog; path = Assets.xcassets; sourceTree = "<group>"; };
		947863A829471A49003EC94F /* Base */ = {isa = PBXFileReference; lastKnownFileType = file.storyboard; name = Base; path = Base.lproj/LaunchScreen.storyboard; sourceTree = "<group>"; };
		947863AA29471A49003EC94F /* Info.plist */ = {isa = PBXFileReference; lastKnownFileType = text.plist.xml; path = Info.plist; sourceTree = "<group>"; };
		947863AF29471A49003EC94F /* SensorHelmetMobileAppTests.xctest */ = {isa = PBXFileReference; explicitFileType = wrapper.cfbundle; includeInIndex = 0; path = SensorHelmetMobileAppTests.xctest; sourceTree = BUILT_PRODUCTS_DIR; };
		947863B329471A49003EC94F /* SensorHelmetMobileAppTests.swift */ = {isa = PBXFileReference; lastKnownFileType = sourcecode.swift; path = SensorHelmetMobileAppTests.swift; sourceTree = "<group>"; };
		947863B929471A49003EC94F /* SensorHelmetMobileAppUITests.xctest */ = {isa = PBXFileReference; explicitFileType = wrapper.cfbundle; includeInIndex = 0; path = SensorHelmetMobileAppUITests.xctest; sourceTree = BUILT_PRODUCTS_DIR; };
		947863BD29471A49003EC94F /* SensorHelmetMobileAppUITests.swift */ = {isa = PBXFileReference; lastKnownFileType = sourcecode.swift; path = SensorHelmetMobileAppUITests.swift; sourceTree = "<group>"; };
		947863BF29471A49003EC94F /* SensorHelmetMobileAppUITestsLaunchTests.swift */ = {isa = PBXFileReference; lastKnownFileType = sourcecode.swift; path = SensorHelmetMobileAppUITestsLaunchTests.swift; sourceTree = "<group>"; };
		947863D129471C3B003EC94F /* BluetoothSerial.swift */ = {isa = PBXFileReference; lastKnownFileType = sourcecode.swift; path = BluetoothSerial.swift; sourceTree = "<group>"; };
		948C12392AEA785300B1DFE6 /* PublicInstitutionTableViewCell.swift */ = {isa = PBXFileReference; lastKnownFileType = sourcecode.swift; path = PublicInstitutionTableViewCell.swift; sourceTree = "<group>"; };
		948C123A2AEA785300B1DFE6 /* PublicInstitutionTableViewCell.xib */ = {isa = PBXFileReference; lastKnownFileType = file.xib; path = PublicInstitutionTableViewCell.xib; sourceTree = "<group>"; };
		949E8E042965B73A0015FD1C /* String+Utils.swift */ = {isa = PBXFileReference; lastKnownFileType = sourcecode.swift; path = "String+Utils.swift"; sourceTree = "<group>"; };
		949E8E062965B9300015FD1C /* MapVC.swift */ = {isa = PBXFileReference; lastKnownFileType = sourcecode.swift; path = MapVC.swift; sourceTree = "<group>"; };
		949E8E082965BFBA0015FD1C /* MapView.storyboard */ = {isa = PBXFileReference; lastKnownFileType = file.storyboard; path = MapView.storyboard; sourceTree = "<group>"; };
		949E8EE329784C6500CDB2F8 /* CLLocationCoordicate2D+Utils.swift */ = {isa = PBXFileReference; lastKnownFileType = sourcecode.swift; path = "CLLocationCoordicate2D+Utils.swift"; sourceTree = "<group>"; };
		949FB2E72B1701FA00F2B32D /* UserDefaultManager.swift */ = {isa = PBXFileReference; lastKnownFileType = sourcecode.swift; path = UserDefaultManager.swift; sourceTree = "<group>"; };
		949FB2E92B17127100F2B32D /* FirebaseStorageManager.swift */ = {isa = PBXFileReference; lastKnownFileType = sourcecode.swift; path = FirebaseStorageManager.swift; sourceTree = "<group>"; };
		949FB2EB2B17161200F2B32D /* UIImage+Utils.swift */ = {isa = PBXFileReference; lastKnownFileType = sourcecode.swift; path = "UIImage+Utils.swift"; sourceTree = "<group>"; };
		94A281BB2B1DDF1A000E0D98 /* HelmetInfoModalView.storyboard */ = {isa = PBXFileReference; lastKnownFileType = file.storyboard; path = HelmetInfoModalView.storyboard; sourceTree = "<group>"; };
		94A281BE2B1E1890000E0D98 /* HelmetUserInfoTableViewCell.swift */ = {isa = PBXFileReference; lastKnownFileType = sourcecode.swift; path = HelmetUserInfoTableViewCell.swift; sourceTree = "<group>"; };
		94A281BF2B1E1890000E0D98 /* HelmetUserInfoTableViewCell.xib */ = {isa = PBXFileReference; lastKnownFileType = file.xib; path = HelmetUserInfoTableViewCell.xib; sourceTree = "<group>"; };
		94A3711D296ECA0900D4EF76 /* VideoListVC.swift */ = {isa = PBXFileReference; lastKnownFileType = sourcecode.swift; path = VideoListVC.swift; sourceTree = "<group>"; };
		94A3711F296ECA1900D4EF76 /* VideoListView.storyboard */ = {isa = PBXFileReference; lastKnownFileType = file.storyboard; path = VideoListView.storyboard; sourceTree = "<group>"; };
		94A37121296ECB5E00D4EF76 /* VideoDetailVC.swift */ = {isa = PBXFileReference; lastKnownFileType = sourcecode.swift; path = VideoDetailVC.swift; sourceTree = "<group>"; };
		94A37123296ECB6D00D4EF76 /* VideoDetailView.storyboard */ = {isa = PBXFileReference; lastKnownFileType = file.storyboard; path = VideoDetailView.storyboard; sourceTree = "<group>"; };
		94A37125296ED88E00D4EF76 /* VideoListTableViewCell.swift */ = {isa = PBXFileReference; lastKnownFileType = sourcecode.swift; path = VideoListTableViewCell.swift; sourceTree = "<group>"; };
		94A37126296ED88E00D4EF76 /* VideoListTableViewCell.xib */ = {isa = PBXFileReference; lastKnownFileType = file.xib; path = VideoListTableViewCell.xib; sourceTree = "<group>"; };
		94B0B988298543F6000BBE8D /* BorderColor.swift */ = {isa = PBXFileReference; lastKnownFileType = sourcecode.swift; path = BorderColor.swift; sourceTree = "<group>"; };
		94B4BF9D297DACDF00B55117 /* CustomPaddingLabel.swift */ = {isa = PBXFileReference; lastKnownFileType = sourcecode.swift; path = CustomPaddingLabel.swift; sourceTree = "<group>"; };
		94B4BF9F297DB0D200B55117 /* RaspberryPiOfficialLogo.png */ = {isa = PBXFileReference; lastKnownFileType = image.png; path = RaspberryPiOfficialLogo.png; sourceTree = "<group>"; };
		94BDDF632AE3E9150094AD1E /* NearbyPublicInstitutionListViewController.swift */ = {isa = PBXFileReference; lastKnownFileType = sourcecode.swift; path = NearbyPublicInstitutionListViewController.swift; sourceTree = "<group>"; };
		94BDDF652AE3E94E0094AD1E /* NearbyPublicInstitutionListView.storyboard */ = {isa = PBXFileReference; lastKnownFileType = file.storyboard; path = NearbyPublicInstitutionListView.storyboard; sourceTree = "<group>"; };
		94BDFD102B1C92FE00D62484 /* HelmetInfoModalViewController.swift */ = {isa = PBXFileReference; lastKnownFileType = sourcecode.swift; path = HelmetInfoModalViewController.swift; sourceTree = "<group>"; };
		94CE5A2E2AFCEB1F00211902 /* MediaItemImage.swift */ = {isa = PBXFileReference; lastKnownFileType = sourcecode.swift; path = MediaItemImage.swift; sourceTree = "<group>"; };
		94D84A42297AD8130037AC39 /* LoadingView.swift */ = {isa = PBXFileReference; lastKnownFileType = sourcecode.swift; path = LoadingView.swift; sourceTree = "<group>"; };
		94D84A45297AE5360037AC39 /* helmetBasic.png */ = {isa = PBXFileReference; lastKnownFileType = image.png; path = helmetBasic.png; sourceTree = "<group>"; };
		94D84A47297AE7290037AC39 /* shelterBasic.png */ = {isa = PBXFileReference; lastKnownFileType = image.png; path = shelterBasic.png; sourceTree = "<group>"; };
		94D84A49297AE7F60037AC39 /* CustomAnnotationView.swift */ = {isa = PBXFileReference; lastKnownFileType = sourcecode.swift; path = CustomAnnotationView.swift; sourceTree = "<group>"; };
		94DD51112949FAA400DB0287 /* ScanVC.swift */ = {isa = PBXFileReference; lastKnownFileType = sourcecode.swift; path = ScanVC.swift; sourceTree = "<group>"; };
		94DD51132949FAB200DB0287 /* ScanView.storyboard */ = {isa = PBXFileReference; lastKnownFileType = file.storyboard; path = ScanView.storyboard; sourceTree = "<group>"; };
		94DD51152949FBFD00DB0287 /* SerialVC.swift */ = {isa = PBXFileReference; lastKnownFileType = sourcecode.swift; path = SerialVC.swift; sourceTree = "<group>"; };
		94DD51172949FC0700DB0287 /* SerialView.storyboard */ = {isa = PBXFileReference; lastKnownFileType = file.storyboard; path = SerialView.storyboard; sourceTree = "<group>"; };
		94DD511E294A01C500DB0287 /* ScanTableViewCell.swift */ = {isa = PBXFileReference; lastKnownFileType = sourcecode.swift; path = ScanTableViewCell.swift; sourceTree = "<group>"; };
		94DD511F294A01C500DB0287 /* ScanTableViewCell.xib */ = {isa = PBXFileReference; lastKnownFileType = file.xib; path = ScanTableViewCell.xib; sourceTree = "<group>"; };
		94FAA58B296E67C3007BD387 /* UIColor+Utils.swift */ = {isa = PBXFileReference; lastKnownFileType = sourcecode.swift; path = "UIColor+Utils.swift"; sourceTree = "<group>"; };
		94FFEAA32AFA42D400DBF046 /* Sender.swift */ = {isa = PBXFileReference; lastKnownFileType = sourcecode.swift; path = Sender.swift; sourceTree = "<group>"; };
/* End PBXFileReference section */

/* Begin PBXFrameworksBuildPhase section */
		9478639629471A48003EC94F /* Frameworks */ = {
			isa = PBXFrameworksBuildPhase;
			buildActionMask = 2147483647;
			files = (
				94386F092AEBB88900EBF1EC /* FirebaseFirestoreSwift in Frameworks */,
				94782629296462E700051115 /* FirebaseAnalytics in Frameworks */,
				9478262B296462E700051115 /* FirebaseFirestore in Frameworks */,
				9478262D296462E700051115 /* FirebaseStorage in Frameworks */,
				948C12372AEA5FAB00B1DFE6 /* MessageKit in Frameworks */,
			);
			runOnlyForDeploymentPostprocessing = 0;
		};
		947863AC29471A49003EC94F /* Frameworks */ = {
			isa = PBXFrameworksBuildPhase;
			buildActionMask = 2147483647;
			files = (
			);
			runOnlyForDeploymentPostprocessing = 0;
		};
		947863B629471A49003EC94F /* Frameworks */ = {
			isa = PBXFrameworksBuildPhase;
			buildActionMask = 2147483647;
			files = (
			);
			runOnlyForDeploymentPostprocessing = 0;
		};
/* End PBXFrameworksBuildPhase section */

/* Begin PBXGroup section */
		9400014A2B4BF6EF00287477 /* SensorDataCollectionViewCell */ = {
			isa = PBXGroup;
			children = (
				9400014B2B4BF70F00287477 /* SensorDataCollectionViewCell.swift */,
				9400014C2B4BF70F00287477 /* SensorDataCollectionViewCell.xib */,
				940001532B4C007500287477 /* SensorDataLabelTableViewCollectionViewCell.swift */,
				940001542B4C007500287477 /* SensorDataLabelTableViewCollectionViewCell.xib */,
				940001572B4C00C000287477 /* SensorDataLabelTableViewCell.swift */,
				940001582B4C00C000287477 /* SensorDataLabelTableViewCell.xib */,
			);
			path = SensorDataCollectionViewCell;
			sourceTree = "<group>";
		};
		940C1B5D2982B6B2006D370D /* Sources */ = {
			isa = PBXGroup;
			children = (
				9478639C29471A48003EC94F /* AppDelegate.swift */,
				9478639E29471A48003EC94F /* SceneDelegate.swift */,
				949E8E032965B7250015FD1C /* Extensions */,
				947863D029471A9C003EC94F /* Storyboards */,
				947863CF29471A80003EC94F /* Controllers */,
				947863CC29471A5B003EC94F /* Models */,
				947863CD29471A66003EC94F /* Views */,
				947863CE29471A73003EC94F /* Presenters */,
			);
			path = Sources;
			sourceTree = "<group>";
		};
		940C1B5E2982B6C8006D370D /* Images */ = {
			isa = PBXGroup;
			children = (
				9458484D2AEA90FA007C9A46 /* FireStation.png */,
				945848472AEA90CF007C9A46 /* Government.png */,
				945848462AEA90CF007C9A46 /* Hospital.png */,
				945848482AEA90CF007C9A46 /* PoliceOffice.png */,
				94D84A45297AE5360037AC39 /* helmetBasic.png */,
				94D84A47297AE7290037AC39 /* shelterBasic.png */,
				94073C8A297C26BC006BE381 /* done_check_icon.png */,
				94B4BF9F297DB0D200B55117 /* RaspberryPiOfficialLogo.png */,
			);
			path = Images;
			sourceTree = "<group>";
		};
		94386F072AEBB88900EBF1EC /* Frameworks */ = {
			isa = PBXGroup;
			children = (
			);
			name = Frameworks;
			sourceTree = "<group>";
		};
		9478639029471A48003EC94F = {
			isa = PBXGroup;
			children = (
				9478639B29471A48003EC94F /* SensorHelmetMobileApp */,
				947863B229471A49003EC94F /* SensorHelmetMobileAppTests */,
				947863BC29471A49003EC94F /* SensorHelmetMobileAppUITests */,
				9478639A29471A48003EC94F /* Products */,
				94386F072AEBB88900EBF1EC /* Frameworks */,
			);
			sourceTree = "<group>";
		};
		9478639A29471A48003EC94F /* Products */ = {
			isa = PBXGroup;
			children = (
				9478639929471A48003EC94F /* SensorHelmetMobileApp.app */,
				947863AF29471A49003EC94F /* SensorHelmetMobileAppTests.xctest */,
				947863B929471A49003EC94F /* SensorHelmetMobileAppUITests.xctest */,
			);
			name = Products;
			sourceTree = "<group>";
		};
		9478639B29471A48003EC94F /* SensorHelmetMobileApp */ = {
			isa = PBXGroup;
			children = (
				947863AA29471A49003EC94F /* Info.plist */,
				9478262529645FA100051115 /* GoogleService-Info.plist */,
				94D84A44297AE50D0037AC39 /* Resources */,
				940C1B5D2982B6B2006D370D /* Sources */,
			);
			path = SensorHelmetMobileApp;
			sourceTree = "<group>";
		};
		947863B229471A49003EC94F /* SensorHelmetMobileAppTests */ = {
			isa = PBXGroup;
			children = (
				947863B329471A49003EC94F /* SensorHelmetMobileAppTests.swift */,
			);
			path = SensorHelmetMobileAppTests;
			sourceTree = "<group>";
		};
		947863BC29471A49003EC94F /* SensorHelmetMobileAppUITests */ = {
			isa = PBXGroup;
			children = (
				947863BD29471A49003EC94F /* SensorHelmetMobileAppUITests.swift */,
				947863BF29471A49003EC94F /* SensorHelmetMobileAppUITestsLaunchTests.swift */,
			);
			path = SensorHelmetMobileAppUITests;
			sourceTree = "<group>";
		};
		947863CC29471A5B003EC94F /* Models */ = {
			isa = PBXGroup;
			children = (
				94B0B987298543E5000BBE8D /* Enums */,
				9478262E29646A2E00051115 /* InfoModel.swift */,
				942F1A2B2986A2CD0026FB6D /* DisasterModel.swift */,
				9458484F2AEA922D007C9A46 /* PublicInstitutionModel.swift */,
				94386F052AEBB33C00EBF1EC /* CustomFirestore.swift */,
				94386F0A2AEBC30300EBF1EC /* Message.swift */,
				94FFEAA32AFA42D400DBF046 /* Sender.swift */,
				94CE5A2E2AFCEB1F00211902 /* MediaItemImage.swift */,
				945E32CB2B120CE3000D3B11 /* DatabaseRepresentation.swift */,
				949FB2E72B1701FA00F2B32D /* UserDefaultManager.swift */,
				949FB2E92B17127100F2B32D /* FirebaseStorageManager.swift */,
			);
			path = Models;
			sourceTree = "<group>";
		};
		947863CD29471A66003EC94F /* Views */ = {
			isa = PBXGroup;
			children = (
				94B4BF9D297DACDF00B55117 /* CustomPaddingLabel.swift */,
				94D84A49297AE7F60037AC39 /* CustomAnnotationView.swift */,
				94D84A42297AD8130037AC39 /* LoadingView.swift */,
				94DD5119294A009300DB0287 /* Cells */,
			);
			path = Views;
			sourceTree = "<group>";
		};
		947863CE29471A73003EC94F /* Presenters */ = {
			isa = PBXGroup;
			children = (
				947863D129471C3B003EC94F /* BluetoothSerial.swift */,
				947826302964744100051115 /* TCPNetwork.swift */,
			);
			path = Presenters;
			sourceTree = "<group>";
		};
		947863CF29471A80003EC94F /* Controllers */ = {
			isa = PBXGroup;
			children = (
				947863A029471A48003EC94F /* ViewController.swift */,
				94DD51112949FAA400DB0287 /* ScanVC.swift */,
				94DD51152949FBFD00DB0287 /* SerialVC.swift */,
				949E8E062965B9300015FD1C /* MapVC.swift */,
				94A3711D296ECA0900D4EF76 /* VideoListVC.swift */,
				94A37121296ECB5E00D4EF76 /* VideoDetailVC.swift */,
				94073C86297C25D0006BE381 /* HelmetSuccessPopupVC.swift */,
				94BDDF632AE3E9150094AD1E /* NearbyPublicInstitutionListViewController.swift */,
				942AD34B2AEFB9E7006EED1D /* ChatViewController.swift */,
				94BDFD102B1C92FE00D62484 /* HelmetInfoModalViewController.swift */,
			);
			path = Controllers;
			sourceTree = "<group>";
		};
		947863D029471A9C003EC94F /* Storyboards */ = {
			isa = PBXGroup;
			children = (
				947863A729471A49003EC94F /* LaunchScreen.storyboard */,
				947863A229471A48003EC94F /* Main.storyboard */,
				94DD51132949FAB200DB0287 /* ScanView.storyboard */,
				94DD51172949FC0700DB0287 /* SerialView.storyboard */,
				949E8E082965BFBA0015FD1C /* MapView.storyboard */,
				94A3711F296ECA1900D4EF76 /* VideoListView.storyboard */,
				94A37123296ECB6D00D4EF76 /* VideoDetailView.storyboard */,
				94073C88297C25E0006BE381 /* HelmetPopupView.storyboard */,
				94BDDF652AE3E94E0094AD1E /* NearbyPublicInstitutionListView.storyboard */,
				942AD3472AEFB97B006EED1D /* MessagesView.storyboard */,
				94A281BB2B1DDF1A000E0D98 /* HelmetInfoModalView.storyboard */,
			);
			path = Storyboards;
			sourceTree = "<group>";
		};
		948C12382AEA780500B1DFE6 /* PublicInstitutionCell */ = {
			isa = PBXGroup;
			children = (
				948C12392AEA785300B1DFE6 /* PublicInstitutionTableViewCell.swift */,
				948C123A2AEA785300B1DFE6 /* PublicInstitutionTableViewCell.xib */,
			);
			path = PublicInstitutionCell;
			sourceTree = "<group>";
		};
		949E8E032965B7250015FD1C /* Extensions */ = {
			isa = PBXGroup;
			children = (
				949E8E042965B73A0015FD1C /* String+Utils.swift */,
				94FAA58B296E67C3007BD387 /* UIColor+Utils.swift */,
				949E8EE329784C6500CDB2F8 /* CLLocationCoordicate2D+Utils.swift */,
				94386F0C2AEBE50000EBF1EC /* Encodable+Utils.swift */,
				949FB2EB2B17161200F2B32D /* UIImage+Utils.swift */,
				940001482B4BEB1E00287477 /* UICollectionView+Utils.swift */,
			);
			path = Extensions;
			sourceTree = "<group>";
		};
		94A281BD2B1E1846000E0D98 /* HelmetModalSheet */ = {
			isa = PBXGroup;
			children = (
				94A281BE2B1E1890000E0D98 /* HelmetUserInfoTableViewCell.swift */,
				94A281BF2B1E1890000E0D98 /* HelmetUserInfoTableViewCell.xib */,
			);
			path = HelmetModalSheet;
			sourceTree = "<group>";
		};
		94B0B987298543E5000BBE8D /* Enums */ = {
			isa = PBXGroup;
			children = (
				94B0B988298543F6000BBE8D /* BorderColor.swift */,
			);
			path = Enums;
			sourceTree = "<group>";
		};
		94D84A44297AE50D0037AC39 /* Resources */ = {
			isa = PBXGroup;
			children = (
				947863A529471A49003EC94F /* Assets.xcassets */,
				942F1A2D2986A73F0026FB6D /* mock.json */,
				940C1B5E2982B6C8006D370D /* Images */,
			);
			path = Resources;
			sourceTree = "<group>";
		};
		94DD5119294A009300DB0287 /* Cells */ = {
			isa = PBXGroup;
			children = (
				9400014A2B4BF6EF00287477 /* SensorDataCollectionViewCell */,
				94A281BD2B1E1846000E0D98 /* HelmetModalSheet */,
				948C12382AEA780500B1DFE6 /* PublicInstitutionCell */,
				94DD511B294A00C500DB0287 /* Cell */,
			);
			path = Cells;
			sourceTree = "<group>";
		};
		94DD511B294A00C500DB0287 /* Cell */ = {
			isa = PBXGroup;
			children = (
				94DD511E294A01C500DB0287 /* ScanTableViewCell.swift */,
				94DD511F294A01C500DB0287 /* ScanTableViewCell.xib */,
				94A37125296ED88E00D4EF76 /* VideoListTableViewCell.swift */,
				94A37126296ED88E00D4EF76 /* VideoListTableViewCell.xib */,
			);
			path = Cell;
			sourceTree = "<group>";
		};
/* End PBXGroup section */

/* Begin PBXNativeTarget section */
		9478639829471A48003EC94F /* SensorHelmetMobileApp */ = {
			isa = PBXNativeTarget;
			buildConfigurationList = 947863C329471A49003EC94F /* Build configuration list for PBXNativeTarget "SensorHelmetMobileApp" */;
			buildPhases = (
				9478639529471A48003EC94F /* Sources */,
				9478639629471A48003EC94F /* Frameworks */,
				9478639729471A48003EC94F /* Resources */,
			);
			buildRules = (
			);
			dependencies = (
			);
			name = SensorHelmetMobileApp;
			packageProductDependencies = (
				94782628296462E700051115 /* FirebaseAnalytics */,
				9478262A296462E700051115 /* FirebaseFirestore */,
				9478262C296462E700051115 /* FirebaseStorage */,
				948C12362AEA5FAB00B1DFE6 /* MessageKit */,
				94386F082AEBB88900EBF1EC /* FirebaseFirestoreSwift */,
			);
			productName = SensorHelmetMobileApp;
			productReference = 9478639929471A48003EC94F /* SensorHelmetMobileApp.app */;
			productType = "com.apple.product-type.application";
		};
		947863AE29471A49003EC94F /* SensorHelmetMobileAppTests */ = {
			isa = PBXNativeTarget;
			buildConfigurationList = 947863C629471A49003EC94F /* Build configuration list for PBXNativeTarget "SensorHelmetMobileAppTests" */;
			buildPhases = (
				947863AB29471A49003EC94F /* Sources */,
				947863AC29471A49003EC94F /* Frameworks */,
				947863AD29471A49003EC94F /* Resources */,
			);
			buildRules = (
			);
			dependencies = (
				947863B129471A49003EC94F /* PBXTargetDependency */,
			);
			name = SensorHelmetMobileAppTests;
			productName = SensorHelmetMobileAppTests;
			productReference = 947863AF29471A49003EC94F /* SensorHelmetMobileAppTests.xctest */;
			productType = "com.apple.product-type.bundle.unit-test";
		};
		947863B829471A49003EC94F /* SensorHelmetMobileAppUITests */ = {
			isa = PBXNativeTarget;
			buildConfigurationList = 947863C929471A49003EC94F /* Build configuration list for PBXNativeTarget "SensorHelmetMobileAppUITests" */;
			buildPhases = (
				947863B529471A49003EC94F /* Sources */,
				947863B629471A49003EC94F /* Frameworks */,
				947863B729471A49003EC94F /* Resources */,
			);
			buildRules = (
			);
			dependencies = (
				947863BB29471A49003EC94F /* PBXTargetDependency */,
			);
			name = SensorHelmetMobileAppUITests;
			productName = SensorHelmetMobileAppUITests;
			productReference = 947863B929471A49003EC94F /* SensorHelmetMobileAppUITests.xctest */;
			productType = "com.apple.product-type.bundle.ui-testing";
		};
/* End PBXNativeTarget section */

/* Begin PBXProject section */
		9478639129471A48003EC94F /* Project object */ = {
			isa = PBXProject;
			attributes = {
				BuildIndependentTargetsInParallel = 1;
				LastSwiftUpdateCheck = 1410;
				LastUpgradeCheck = 1500;
				TargetAttributes = {
					9478639829471A48003EC94F = {
						CreatedOnToolsVersion = 14.1;
					};
					947863AE29471A49003EC94F = {
						CreatedOnToolsVersion = 14.1;
						TestTargetID = 9478639829471A48003EC94F;
					};
					947863B829471A49003EC94F = {
						CreatedOnToolsVersion = 14.1;
						TestTargetID = 9478639829471A48003EC94F;
					};
				};
			};
			buildConfigurationList = 9478639429471A48003EC94F /* Build configuration list for PBXProject "SensorHelmetMobileApp" */;
			compatibilityVersion = "Xcode 14.0";
			developmentRegion = en;
			hasScannedForEncodings = 0;
			knownRegions = (
				en,
				Base,
			);
			mainGroup = 9478639029471A48003EC94F;
			packageReferences = (
				94782627296462E700051115 /* XCRemoteSwiftPackageReference "firebase-ios-sdk" */,
				948C12352AEA5FAB00B1DFE6 /* XCRemoteSwiftPackageReference "MessageKit" */,
			);
			productRefGroup = 9478639A29471A48003EC94F /* Products */;
			projectDirPath = "";
			projectRoot = "";
			targets = (
				9478639829471A48003EC94F /* SensorHelmetMobileApp */,
				947863AE29471A49003EC94F /* SensorHelmetMobileAppTests */,
				947863B829471A49003EC94F /* SensorHelmetMobileAppUITests */,
			);
		};
/* End PBXProject section */

/* Begin PBXResourcesBuildPhase section */
		9478639729471A48003EC94F /* Resources */ = {
			isa = PBXResourcesBuildPhase;
			buildActionMask = 2147483647;
			files = (
				947863A929471A49003EC94F /* LaunchScreen.storyboard in Resources */,
				94DD51182949FC0700DB0287 /* SerialView.storyboard in Resources */,
				949E8E092965BFBA0015FD1C /* MapView.storyboard in Resources */,
				947863A629471A49003EC94F /* Assets.xcassets in Resources */,
				94DD51142949FAB200DB0287 /* ScanView.storyboard in Resources */,
				94DD5121294A01C500DB0287 /* ScanTableViewCell.xib in Resources */,
				9400014E2B4BF71000287477 /* SensorDataCollectionViewCell.xib in Resources */,
				9458484C2AEA90CF007C9A46 /* PoliceOffice.png in Resources */,
				947863A429471A48003EC94F /* Main.storyboard in Resources */,
				94D84A46297AE5370037AC39 /* helmetBasic.png in Resources */,
				9478262629645FA100051115 /* GoogleService-Info.plist in Resources */,
				9458484A2AEA90CF007C9A46 /* Hospital.png in Resources */,
				94A281C12B1E1890000E0D98 /* HelmetUserInfoTableViewCell.xib in Resources */,
				940001562B4C007500287477 /* SensorDataLabelTableViewCollectionViewCell.xib in Resources */,
				9458484E2AEA90FA007C9A46 /* FireStation.png in Resources */,
				94A37124296ECB6D00D4EF76 /* VideoDetailView.storyboard in Resources */,
				9400015A2B4C00C000287477 /* SensorDataLabelTableViewCell.xib in Resources */,
				94073C8B297C26BC006BE381 /* done_check_icon.png in Resources */,
				94A281BC2B1DDF1B000E0D98 /* HelmetInfoModalView.storyboard in Resources */,
				94D84A48297AE7290037AC39 /* shelterBasic.png in Resources */,
				94A37128296ED88E00D4EF76 /* VideoListTableViewCell.xib in Resources */,
				94A37120296ECA1900D4EF76 /* VideoListView.storyboard in Resources */,
				942AD3482AEFB97B006EED1D /* MessagesView.storyboard in Resources */,
				942F1A2E2986A73F0026FB6D /* mock.json in Resources */,
				948C123C2AEA785300B1DFE6 /* PublicInstitutionTableViewCell.xib in Resources */,
				94BDDF662AE3E94E0094AD1E /* NearbyPublicInstitutionListView.storyboard in Resources */,
				94073C89297C25E0006BE381 /* HelmetPopupView.storyboard in Resources */,
				9458484B2AEA90CF007C9A46 /* Government.png in Resources */,
				94B4BFA0297DB0D200B55117 /* RaspberryPiOfficialLogo.png in Resources */,
			);
			runOnlyForDeploymentPostprocessing = 0;
		};
		947863AD29471A49003EC94F /* Resources */ = {
			isa = PBXResourcesBuildPhase;
			buildActionMask = 2147483647;
			files = (
			);
			runOnlyForDeploymentPostprocessing = 0;
		};
		947863B729471A49003EC94F /* Resources */ = {
			isa = PBXResourcesBuildPhase;
			buildActionMask = 2147483647;
			files = (
			);
			runOnlyForDeploymentPostprocessing = 0;
		};
/* End PBXResourcesBuildPhase section */

/* Begin PBXSourcesBuildPhase section */
		9478639529471A48003EC94F /* Sources */ = {
			isa = PBXSourcesBuildPhase;
			buildActionMask = 2147483647;
			files = (
				94386F062AEBB33C00EBF1EC /* CustomFirestore.swift in Sources */,
				94CE5A2F2AFCEB1F00211902 /* MediaItemImage.swift in Sources */,
				940001592B4C00C000287477 /* SensorDataLabelTableViewCell.swift in Sources */,
				947826312964744100051115 /* TCPNetwork.swift in Sources */,
				949E8E072965B9300015FD1C /* MapVC.swift in Sources */,
				94A281C02B1E1890000E0D98 /* HelmetUserInfoTableViewCell.swift in Sources */,
				94DD51162949FBFD00DB0287 /* SerialVC.swift in Sources */,
				947863A129471A48003EC94F /* ViewController.swift in Sources */,
				94A37122296ECB5E00D4EF76 /* VideoDetailVC.swift in Sources */,
				94DD51122949FAA400DB0287 /* ScanVC.swift in Sources */,
				9478262F29646A2E00051115 /* InfoModel.swift in Sources */,
				94A3711E296ECA0900D4EF76 /* VideoListVC.swift in Sources */,
				9478639D29471A48003EC94F /* AppDelegate.swift in Sources */,
				945848502AEA922D007C9A46 /* PublicInstitutionModel.swift in Sources */,
				94BDDF642AE3E9150094AD1E /* NearbyPublicInstitutionListViewController.swift in Sources */,
				94D84A4A297AE7F60037AC39 /* CustomAnnotationView.swift in Sources */,
				948C123B2AEA785300B1DFE6 /* PublicInstitutionTableViewCell.swift in Sources */,
				94073C87297C25D0006BE381 /* HelmetSuccessPopupVC.swift in Sources */,
				942F1A2C2986A2CD0026FB6D /* DisasterModel.swift in Sources */,
				947863D229471C3B003EC94F /* BluetoothSerial.swift in Sources */,
				949FB2EC2B17161200F2B32D /* UIImage+Utils.swift in Sources */,
				940001492B4BEB1E00287477 /* UICollectionView+Utils.swift in Sources */,
				949FB2E82B1701FA00F2B32D /* UserDefaultManager.swift in Sources */,
				94B0B989298543F6000BBE8D /* BorderColor.swift in Sources */,
				94DD5120294A01C500DB0287 /* ScanTableViewCell.swift in Sources */,
				942AD34C2AEFB9E8006EED1D /* ChatViewController.swift in Sources */,
				949E8E052965B73A0015FD1C /* String+Utils.swift in Sources */,
				9400014D2B4BF70F00287477 /* SensorDataCollectionViewCell.swift in Sources */,
				94A37127296ED88E00D4EF76 /* VideoListTableViewCell.swift in Sources */,
				94386F0D2AEBE50000EBF1EC /* Encodable+Utils.swift in Sources */,
				94386F0B2AEBC30300EBF1EC /* Message.swift in Sources */,
				949E8EE429784C6500CDB2F8 /* CLLocationCoordicate2D+Utils.swift in Sources */,
				9478639F29471A48003EC94F /* SceneDelegate.swift in Sources */,
				94FAA58C296E67C3007BD387 /* UIColor+Utils.swift in Sources */,
				940001552B4C007500287477 /* SensorDataLabelTableViewCollectionViewCell.swift in Sources */,
				94D84A43297AD8130037AC39 /* LoadingView.swift in Sources */,
				949FB2EA2B17127100F2B32D /* FirebaseStorageManager.swift in Sources */,
				94B4BF9E297DACDF00B55117 /* CustomPaddingLabel.swift in Sources */,
				94BDFD112B1C92FE00D62484 /* HelmetInfoModalViewController.swift in Sources */,
				94FFEAA42AFA42D400DBF046 /* Sender.swift in Sources */,
				945E32CC2B120CE3000D3B11 /* DatabaseRepresentation.swift in Sources */,
			);
			runOnlyForDeploymentPostprocessing = 0;
		};
		947863AB29471A49003EC94F /* Sources */ = {
			isa = PBXSourcesBuildPhase;
			buildActionMask = 2147483647;
			files = (
				947863B429471A49003EC94F /* SensorHelmetMobileAppTests.swift in Sources */,
			);
			runOnlyForDeploymentPostprocessing = 0;
		};
		947863B529471A49003EC94F /* Sources */ = {
			isa = PBXSourcesBuildPhase;
			buildActionMask = 2147483647;
			files = (
				947863BE29471A49003EC94F /* SensorHelmetMobileAppUITests.swift in Sources */,
				947863C029471A49003EC94F /* SensorHelmetMobileAppUITestsLaunchTests.swift in Sources */,
			);
			runOnlyForDeploymentPostprocessing = 0;
		};
/* End PBXSourcesBuildPhase section */

/* Begin PBXTargetDependency section */
		947863B129471A49003EC94F /* PBXTargetDependency */ = {
			isa = PBXTargetDependency;
			target = 9478639829471A48003EC94F /* SensorHelmetMobileApp */;
			targetProxy = 947863B029471A49003EC94F /* PBXContainerItemProxy */;
		};
		947863BB29471A49003EC94F /* PBXTargetDependency */ = {
			isa = PBXTargetDependency;
			target = 9478639829471A48003EC94F /* SensorHelmetMobileApp */;
			targetProxy = 947863BA29471A49003EC94F /* PBXContainerItemProxy */;
		};
/* End PBXTargetDependency section */

/* Begin PBXVariantGroup section */
		947863A229471A48003EC94F /* Main.storyboard */ = {
			isa = PBXVariantGroup;
			children = (
				947863A329471A48003EC94F /* Base */,
			);
			name = Main.storyboard;
			sourceTree = "<group>";
		};
		947863A729471A49003EC94F /* LaunchScreen.storyboard */ = {
			isa = PBXVariantGroup;
			children = (
				947863A829471A49003EC94F /* Base */,
			);
			name = LaunchScreen.storyboard;
			sourceTree = "<group>";
		};
/* End PBXVariantGroup section */

/* Begin XCBuildConfiguration section */
		947863C129471A49003EC94F /* Debug */ = {
			isa = XCBuildConfiguration;
			buildSettings = {
				ALWAYS_SEARCH_USER_PATHS = NO;
				ASSETCATALOG_COMPILER_GENERATE_SWIFT_ASSET_SYMBOL_EXTENSIONS = YES;
				CLANG_ANALYZER_NONNULL = YES;
				CLANG_ANALYZER_NUMBER_OBJECT_CONVERSION = YES_AGGRESSIVE;
				CLANG_CXX_LANGUAGE_STANDARD = "gnu++20";
				CLANG_ENABLE_MODULES = YES;
				CLANG_ENABLE_OBJC_ARC = YES;
				CLANG_ENABLE_OBJC_WEAK = YES;
				CLANG_WARN_BLOCK_CAPTURE_AUTORELEASING = YES;
				CLANG_WARN_BOOL_CONVERSION = YES;
				CLANG_WARN_COMMA = YES;
				CLANG_WARN_CONSTANT_CONVERSION = YES;
				CLANG_WARN_DEPRECATED_OBJC_IMPLEMENTATIONS = YES;
				CLANG_WARN_DIRECT_OBJC_ISA_USAGE = YES_ERROR;
				CLANG_WARN_DOCUMENTATION_COMMENTS = YES;
				CLANG_WARN_EMPTY_BODY = YES;
				CLANG_WARN_ENUM_CONVERSION = YES;
				CLANG_WARN_INFINITE_RECURSION = YES;
				CLANG_WARN_INT_CONVERSION = YES;
				CLANG_WARN_NON_LITERAL_NULL_CONVERSION = YES;
				CLANG_WARN_OBJC_IMPLICIT_RETAIN_SELF = YES;
				CLANG_WARN_OBJC_LITERAL_CONVERSION = YES;
				CLANG_WARN_OBJC_ROOT_CLASS = YES_ERROR;
				CLANG_WARN_QUOTED_INCLUDE_IN_FRAMEWORK_HEADER = YES;
				CLANG_WARN_RANGE_LOOP_ANALYSIS = YES;
				CLANG_WARN_STRICT_PROTOTYPES = YES;
				CLANG_WARN_SUSPICIOUS_MOVE = YES;
				CLANG_WARN_UNGUARDED_AVAILABILITY = YES_AGGRESSIVE;
				CLANG_WARN_UNREACHABLE_CODE = YES;
				CLANG_WARN__DUPLICATE_METHOD_MATCH = YES;
				COPY_PHASE_STRIP = NO;
				DEBUG_INFORMATION_FORMAT = dwarf;
				ENABLE_STRICT_OBJC_MSGSEND = YES;
				ENABLE_TESTABILITY = YES;
				ENABLE_USER_SCRIPT_SANDBOXING = YES;
				GCC_C_LANGUAGE_STANDARD = gnu11;
				GCC_DYNAMIC_NO_PIC = NO;
				GCC_NO_COMMON_BLOCKS = YES;
				GCC_OPTIMIZATION_LEVEL = 0;
				GCC_PREPROCESSOR_DEFINITIONS = (
					"DEBUG=1",
					"$(inherited)",
				);
				GCC_WARN_64_TO_32_BIT_CONVERSION = YES;
				GCC_WARN_ABOUT_RETURN_TYPE = YES_ERROR;
				GCC_WARN_UNDECLARED_SELECTOR = YES;
				GCC_WARN_UNINITIALIZED_AUTOS = YES_AGGRESSIVE;
				GCC_WARN_UNUSED_FUNCTION = YES;
				GCC_WARN_UNUSED_VARIABLE = YES;
				IPHONEOS_DEPLOYMENT_TARGET = 16.1;
				MTL_ENABLE_DEBUG_INFO = INCLUDE_SOURCE;
				MTL_FAST_MATH = YES;
				ONLY_ACTIVE_ARCH = YES;
				SDKROOT = iphoneos;
				SWIFT_ACTIVE_COMPILATION_CONDITIONS = DEBUG;
				SWIFT_OPTIMIZATION_LEVEL = "-Onone";
			};
			name = Debug;
		};
		947863C229471A49003EC94F /* Release */ = {
			isa = XCBuildConfiguration;
			buildSettings = {
				ALWAYS_SEARCH_USER_PATHS = NO;
				ASSETCATALOG_COMPILER_GENERATE_SWIFT_ASSET_SYMBOL_EXTENSIONS = YES;
				CLANG_ANALYZER_NONNULL = YES;
				CLANG_ANALYZER_NUMBER_OBJECT_CONVERSION = YES_AGGRESSIVE;
				CLANG_CXX_LANGUAGE_STANDARD = "gnu++20";
				CLANG_ENABLE_MODULES = YES;
				CLANG_ENABLE_OBJC_ARC = YES;
				CLANG_ENABLE_OBJC_WEAK = YES;
				CLANG_WARN_BLOCK_CAPTURE_AUTORELEASING = YES;
				CLANG_WARN_BOOL_CONVERSION = YES;
				CLANG_WARN_COMMA = YES;
				CLANG_WARN_CONSTANT_CONVERSION = YES;
				CLANG_WARN_DEPRECATED_OBJC_IMPLEMENTATIONS = YES;
				CLANG_WARN_DIRECT_OBJC_ISA_USAGE = YES_ERROR;
				CLANG_WARN_DOCUMENTATION_COMMENTS = YES;
				CLANG_WARN_EMPTY_BODY = YES;
				CLANG_WARN_ENUM_CONVERSION = YES;
				CLANG_WARN_INFINITE_RECURSION = YES;
				CLANG_WARN_INT_CONVERSION = YES;
				CLANG_WARN_NON_LITERAL_NULL_CONVERSION = YES;
				CLANG_WARN_OBJC_IMPLICIT_RETAIN_SELF = YES;
				CLANG_WARN_OBJC_LITERAL_CONVERSION = YES;
				CLANG_WARN_OBJC_ROOT_CLASS = YES_ERROR;
				CLANG_WARN_QUOTED_INCLUDE_IN_FRAMEWORK_HEADER = YES;
				CLANG_WARN_RANGE_LOOP_ANALYSIS = YES;
				CLANG_WARN_STRICT_PROTOTYPES = YES;
				CLANG_WARN_SUSPICIOUS_MOVE = YES;
				CLANG_WARN_UNGUARDED_AVAILABILITY = YES_AGGRESSIVE;
				CLANG_WARN_UNREACHABLE_CODE = YES;
				CLANG_WARN__DUPLICATE_METHOD_MATCH = YES;
				COPY_PHASE_STRIP = NO;
				DEBUG_INFORMATION_FORMAT = "dwarf-with-dsym";
				ENABLE_NS_ASSERTIONS = NO;
				ENABLE_STRICT_OBJC_MSGSEND = YES;
				ENABLE_USER_SCRIPT_SANDBOXING = YES;
				GCC_C_LANGUAGE_STANDARD = gnu11;
				GCC_NO_COMMON_BLOCKS = YES;
				GCC_WARN_64_TO_32_BIT_CONVERSION = YES;
				GCC_WARN_ABOUT_RETURN_TYPE = YES_ERROR;
				GCC_WARN_UNDECLARED_SELECTOR = YES;
				GCC_WARN_UNINITIALIZED_AUTOS = YES_AGGRESSIVE;
				GCC_WARN_UNUSED_FUNCTION = YES;
				GCC_WARN_UNUSED_VARIABLE = YES;
				IPHONEOS_DEPLOYMENT_TARGET = 16.1;
				MTL_ENABLE_DEBUG_INFO = NO;
				MTL_FAST_MATH = YES;
				SDKROOT = iphoneos;
				SWIFT_COMPILATION_MODE = wholemodule;
				SWIFT_OPTIMIZATION_LEVEL = "-O";
				VALIDATE_PRODUCT = YES;
			};
			name = Release;
		};
		947863C429471A49003EC94F /* Debug */ = {
			isa = XCBuildConfiguration;
			buildSettings = {
				ASSETCATALOG_COMPILER_APPICON_NAME = AppIcon;
				ASSETCATALOG_COMPILER_GLOBAL_ACCENT_COLOR_NAME = AccentColor;
				CODE_SIGN_STYLE = Automatic;
				CURRENT_PROJECT_VERSION = 1;
				DEVELOPMENT_TEAM = UNTPRP3C66;
				GENERATE_INFOPLIST_FILE = YES;
				INFOPLIST_FILE = SensorHelmetMobileApp/Info.plist;
				INFOPLIST_KEY_UIApplicationSupportsIndirectInputEvents = YES;
				INFOPLIST_KEY_UILaunchStoryboardName = LaunchScreen;
				INFOPLIST_KEY_UIMainStoryboardFile = Main;
				INFOPLIST_KEY_UISupportedInterfaceOrientations_iPad = "UIInterfaceOrientationPortrait UIInterfaceOrientationPortraitUpsideDown UIInterfaceOrientationLandscapeLeft UIInterfaceOrientationLandscapeRight";
				INFOPLIST_KEY_UISupportedInterfaceOrientations_iPhone = "UIInterfaceOrientationPortrait UIInterfaceOrientationLandscapeLeft UIInterfaceOrientationLandscapeRight";
				LD_RUNPATH_SEARCH_PATHS = (
					"$(inherited)",
					"@executable_path/Frameworks",
				);
				MARKETING_VERSION = 1.0;
				PRODUCT_BUNDLE_IDENTIFIER = jp.kyulee.SensorHelmetMobileApp;
				PRODUCT_NAME = "$(TARGET_NAME)";
				SWIFT_EMIT_LOC_STRINGS = YES;
				SWIFT_VERSION = 5.0;
				TARGETED_DEVICE_FAMILY = "1,2";
			};
			name = Debug;
		};
		947863C529471A49003EC94F /* Release */ = {
			isa = XCBuildConfiguration;
			buildSettings = {
				ASSETCATALOG_COMPILER_APPICON_NAME = AppIcon;
				ASSETCATALOG_COMPILER_GLOBAL_ACCENT_COLOR_NAME = AccentColor;
				CODE_SIGN_STYLE = Automatic;
				CURRENT_PROJECT_VERSION = 1;
				DEVELOPMENT_TEAM = UNTPRP3C66;
				GENERATE_INFOPLIST_FILE = YES;
				INFOPLIST_FILE = SensorHelmetMobileApp/Info.plist;
				INFOPLIST_KEY_UIApplicationSupportsIndirectInputEvents = YES;
				INFOPLIST_KEY_UILaunchStoryboardName = LaunchScreen;
				INFOPLIST_KEY_UIMainStoryboardFile = Main;
				INFOPLIST_KEY_UISupportedInterfaceOrientations_iPad = "UIInterfaceOrientationPortrait UIInterfaceOrientationPortraitUpsideDown UIInterfaceOrientationLandscapeLeft UIInterfaceOrientationLandscapeRight";
				INFOPLIST_KEY_UISupportedInterfaceOrientations_iPhone = "UIInterfaceOrientationPortrait UIInterfaceOrientationLandscapeLeft UIInterfaceOrientationLandscapeRight";
				LD_RUNPATH_SEARCH_PATHS = (
					"$(inherited)",
					"@executable_path/Frameworks",
				);
				MARKETING_VERSION = 1.0;
				PRODUCT_BUNDLE_IDENTIFIER = jp.kyulee.SensorHelmetMobileApp;
				PRODUCT_NAME = "$(TARGET_NAME)";
				SWIFT_EMIT_LOC_STRINGS = YES;
				SWIFT_VERSION = 5.0;
				TARGETED_DEVICE_FAMILY = "1,2";
			};
			name = Release;
		};
		947863C729471A49003EC94F /* Debug */ = {
			isa = XCBuildConfiguration;
			buildSettings = {
				ALWAYS_EMBED_SWIFT_STANDARD_LIBRARIES = YES;
				BUNDLE_LOADER = "$(TEST_HOST)";
				CODE_SIGN_STYLE = Automatic;
				CURRENT_PROJECT_VERSION = 1;
				DEVELOPMENT_TEAM = UNTPRP3C66;
				GENERATE_INFOPLIST_FILE = YES;
				IPHONEOS_DEPLOYMENT_TARGET = 16.1;
				MARKETING_VERSION = 1.0;
				PRODUCT_BUNDLE_IDENTIFIER = jp.kyulee.SensorHelmetMobileAppTests;
				PRODUCT_NAME = "$(TARGET_NAME)";
				SWIFT_EMIT_LOC_STRINGS = NO;
				SWIFT_VERSION = 5.0;
				TARGETED_DEVICE_FAMILY = "1,2";
				TEST_HOST = "$(BUILT_PRODUCTS_DIR)/SensorHelmetMobileApp.app/$(BUNDLE_EXECUTABLE_FOLDER_PATH)/SensorHelmetMobileApp";
			};
			name = Debug;
		};
		947863C829471A49003EC94F /* Release */ = {
			isa = XCBuildConfiguration;
			buildSettings = {
				ALWAYS_EMBED_SWIFT_STANDARD_LIBRARIES = YES;
				BUNDLE_LOADER = "$(TEST_HOST)";
				CODE_SIGN_STYLE = Automatic;
				CURRENT_PROJECT_VERSION = 1;
				DEVELOPMENT_TEAM = UNTPRP3C66;
				GENERATE_INFOPLIST_FILE = YES;
				IPHONEOS_DEPLOYMENT_TARGET = 16.1;
				MARKETING_VERSION = 1.0;
				PRODUCT_BUNDLE_IDENTIFIER = jp.kyulee.SensorHelmetMobileAppTests;
				PRODUCT_NAME = "$(TARGET_NAME)";
				SWIFT_EMIT_LOC_STRINGS = NO;
				SWIFT_VERSION = 5.0;
				TARGETED_DEVICE_FAMILY = "1,2";
				TEST_HOST = "$(BUILT_PRODUCTS_DIR)/SensorHelmetMobileApp.app/$(BUNDLE_EXECUTABLE_FOLDER_PATH)/SensorHelmetMobileApp";
			};
			name = Release;
		};
		947863CA29471A49003EC94F /* Debug */ = {
			isa = XCBuildConfiguration;
			buildSettings = {
				ALWAYS_EMBED_SWIFT_STANDARD_LIBRARIES = YES;
				CODE_SIGN_STYLE = Automatic;
				CURRENT_PROJECT_VERSION = 1;
				DEVELOPMENT_TEAM = UNTPRP3C66;
				GENERATE_INFOPLIST_FILE = YES;
				MARKETING_VERSION = 1.0;
				PRODUCT_BUNDLE_IDENTIFIER = jp.kyulee.SensorHelmetMobileAppUITests;
				PRODUCT_NAME = "$(TARGET_NAME)";
				SWIFT_EMIT_LOC_STRINGS = NO;
				SWIFT_VERSION = 5.0;
				TARGETED_DEVICE_FAMILY = "1,2";
				TEST_TARGET_NAME = SensorHelmetMobileApp;
			};
			name = Debug;
		};
		947863CB29471A49003EC94F /* Release */ = {
			isa = XCBuildConfiguration;
			buildSettings = {
				ALWAYS_EMBED_SWIFT_STANDARD_LIBRARIES = YES;
				CODE_SIGN_STYLE = Automatic;
				CURRENT_PROJECT_VERSION = 1;
				DEVELOPMENT_TEAM = UNTPRP3C66;
				GENERATE_INFOPLIST_FILE = YES;
				MARKETING_VERSION = 1.0;
				PRODUCT_BUNDLE_IDENTIFIER = jp.kyulee.SensorHelmetMobileAppUITests;
				PRODUCT_NAME = "$(TARGET_NAME)";
				SWIFT_EMIT_LOC_STRINGS = NO;
				SWIFT_VERSION = 5.0;
				TARGETED_DEVICE_FAMILY = "1,2";
				TEST_TARGET_NAME = SensorHelmetMobileApp;
			};
			name = Release;
		};
/* End XCBuildConfiguration section */

/* Begin XCConfigurationList section */
		9478639429471A48003EC94F /* Build configuration list for PBXProject "SensorHelmetMobileApp" */ = {
			isa = XCConfigurationList;
			buildConfigurations = (
				947863C129471A49003EC94F /* Debug */,
				947863C229471A49003EC94F /* Release */,
			);
			defaultConfigurationIsVisible = 0;
			defaultConfigurationName = Release;
		};
		947863C329471A49003EC94F /* Build configuration list for PBXNativeTarget "SensorHelmetMobileApp" */ = {
			isa = XCConfigurationList;
			buildConfigurations = (
				947863C429471A49003EC94F /* Debug */,
				947863C529471A49003EC94F /* Release */,
			);
			defaultConfigurationIsVisible = 0;
			defaultConfigurationName = Release;
		};
		947863C629471A49003EC94F /* Build configuration list for PBXNativeTarget "SensorHelmetMobileAppTests" */ = {
			isa = XCConfigurationList;
			buildConfigurations = (
				947863C729471A49003EC94F /* Debug */,
				947863C829471A49003EC94F /* Release */,
			);
			defaultConfigurationIsVisible = 0;
			defaultConfigurationName = Release;
		};
		947863C929471A49003EC94F /* Build configuration list for PBXNativeTarget "SensorHelmetMobileAppUITests" */ = {
			isa = XCConfigurationList;
			buildConfigurations = (
				947863CA29471A49003EC94F /* Debug */,
				947863CB29471A49003EC94F /* Release */,
			);
			defaultConfigurationIsVisible = 0;
			defaultConfigurationName = Release;
		};
/* End XCConfigurationList section */

/* Begin XCRemoteSwiftPackageReference section */
		94782627296462E700051115 /* XCRemoteSwiftPackageReference "firebase-ios-sdk" */ = {
			isa = XCRemoteSwiftPackageReference;
			repositoryURL = "https://github.com/firebase/firebase-ios-sdk";
			requirement = {
				kind = upToNextMajorVersion;
				minimumVersion = 10.6.0;
			};
		};
		948C12352AEA5FAB00B1DFE6 /* XCRemoteSwiftPackageReference "MessageKit" */ = {
			isa = XCRemoteSwiftPackageReference;
			repositoryURL = "https://github.com/MessageKit/MessageKit";
			requirement = {
				kind = upToNextMajorVersion;
				minimumVersion = 4.0.0;
			};
		};
/* End XCRemoteSwiftPackageReference section */

/* Begin XCSwiftPackageProductDependency section */
		94386F082AEBB88900EBF1EC /* FirebaseFirestoreSwift */ = {
			isa = XCSwiftPackageProductDependency;
			package = 94782627296462E700051115 /* XCRemoteSwiftPackageReference "firebase-ios-sdk" */;
			productName = FirebaseFirestoreSwift;
		};
		94782628296462E700051115 /* FirebaseAnalytics */ = {
			isa = XCSwiftPackageProductDependency;
			package = 94782627296462E700051115 /* XCRemoteSwiftPackageReference "firebase-ios-sdk" */;
			productName = FirebaseAnalytics;
		};
		9478262A296462E700051115 /* FirebaseFirestore */ = {
			isa = XCSwiftPackageProductDependency;
			package = 94782627296462E700051115 /* XCRemoteSwiftPackageReference "firebase-ios-sdk" */;
			productName = FirebaseFirestore;
		};
		9478262C296462E700051115 /* FirebaseStorage */ = {
			isa = XCSwiftPackageProductDependency;
			package = 94782627296462E700051115 /* XCRemoteSwiftPackageReference "firebase-ios-sdk" */;
			productName = FirebaseStorage;
		};
		948C12362AEA5FAB00B1DFE6 /* MessageKit */ = {
			isa = XCSwiftPackageProductDependency;
			package = 948C12352AEA5FAB00B1DFE6 /* XCRemoteSwiftPackageReference "MessageKit" */;
			productName = MessageKit;
		};
/* End XCSwiftPackageProductDependency section */
	};
	rootObject = 9478639129471A48003EC94F /* Project object */;
}
